
Microsoft Visual Studio Solution File, Format Version 12.00
# Visual Studio Version 17
VisualStudioVersion = 17.14.36908.2
MinimumVisualStudioVersion = 10.0.40219.1
Project("{FAE04EC0-301F-11D3-BF4B-00C04F79EFBC}") = "YummyProject.WebApi", "YummyProject.WebApi\YummyProject.WebApi.csproj", "{43F0A91E-F888-43DD-BBC3-61B83F7D2861}"
EndProject
Global
	GlobalSection(SolutionConfigurationPlatforms) = preSolution
		Debug|Any CPU = Debug|Any CPU
		Release|Any CPU = Release|Any CPU
	EndGlobalSection
	GlobalSection(ProjectConfigurationPlatforms) = postSolution
		{43F0A91E-F888-43DD-BBC3-61B83F7D2861}.Debug|Any CPU.ActiveCfg = Debug|Any CPU
		{43F0A91E-F888-43DD-BBC3-61B83F7D2861}.Debug|Any CPU.Build.0 = Debug|Any CPU
		{43F0A91E-F888-43DD-BBC3-61B83F7D2861}.Release|Any CPU.ActiveCfg = Release|Any CPU
		{43F0A91E-F888-43DD-BBC3-61B83F7D2861}.Release|Any CPU.Build.0 = Release|Any CPU
	EndGlobalSection
	GlobalSection(SolutionProperties) = preSolution
		HideSolutionNode = FALSE
	EndGlobalSection
	GlobalSection(ExtensibilityGlobals) = postSolution
		SolutionGuid = {DBE200BF-0E7F-4FCA-B153-0415D58E2AAB}
	EndGlobalSection
EndGlobal
